
Microsoft Visual Studio Solution File, Format Version 12.00
# Visual Studio 14
VisualStudioVersion = 14.0.25420.1
MinimumVisualStudioVersion = 10.0.40219.1
Project("{FAE04EC0-301F-11D3-BF4B-00C04F79EFBC}") = "Converter", "RomanNumeralConversion\Converter.csproj", "{123F96C8-67F7-4BAC-9453-61553F41E751}"
EndProject
Project("{FAE04EC0-301F-11D3-BF4B-00C04F79EFBC}") = "Converter.Test", "RomanNumeralConversion.Test\Converter.Test.csproj", "{E8D12AD9-8A55-4AD0-9A98-12725162AB51}"
EndProject
Project("{FAE04EC0-301F-11D3-BF4B-00C04F79EFBC}") = "Converter.Services", "RomanNumeralConversion.Services\Converter.Services.csproj", "{372CA3A8-7A64-4385-BFB5-5636171B1D12}"
EndProject
Global
	GlobalSection(SolutionConfigurationPlatforms) = preSolution
		Debug|Any CPU = Debug|Any CPU
		Release|Any CPU = Release|Any CPU
	EndGlobalSection
	GlobalSection(ProjectConfigurationPlatforms) = postSolution
		{123F96C8-67F7-4BAC-9453-61553F41E751}.Debug|Any CPU.ActiveCfg = Debug|Any CPU
		{123F96C8-67F7-4BAC-9453-61553F41E751}.Debug|Any CPU.Build.0 = Debug|Any CPU
		{123F96C8-67F7-4BAC-9453-61553F41E751}.Release|Any CPU.ActiveCfg = Release|Any CPU
		{123F96C8-67F7-4BAC-9453-61553F41E751}.Release|Any CPU.Build.0 = Release|Any CPU
		{E8D12AD9-8A55-4AD0-9A98-12725162AB51}.Debug|Any CPU.ActiveCfg = Debug|Any CPU
		{E8D12AD9-8A55-4AD0-9A98-12725162AB51}.Debug|Any CPU.Build.0 = Debug|Any CPU
		{E8D12AD9-8A55-4AD0-9A98-12725162AB51}.Release|Any CPU.ActiveCfg = Release|Any CPU
		{E8D12AD9-8A55-4AD0-9A98-12725162AB51}.Release|Any CPU.Build.0 = Release|Any CPU
		{372CA3A8-7A64-4385-BFB5-5636171B1D12}.Debug|Any CPU.ActiveCfg = Debug|Any CPU
		{372CA3A8-7A64-4385-BFB5-5636171B1D12}.Debug|Any CPU.Build.0 = Debug|Any CPU
		{372CA3A8-7A64-4385-BFB5-5636171B1D12}.Release|Any CPU.ActiveCfg = Release|Any CPU
		{372CA3A8-7A64-4385-BFB5-5636171B1D12}.Release|Any CPU.Build.0 = Release|Any CPU
	EndGlobalSection
	GlobalSection(SolutionProperties) = preSolution
		HideSolutionNode = FALSE
	EndGlobalSection
EndGlobal
